
Microsoft Visual Studio Solution File, Format Version 12.00
# Visual Studio 15
VisualStudioVersion = 15.0.28307.168
MinimumVisualStudioVersion = 10.0.40219.1
Project("{8BC9CEB8-8B4A-11D0-8D11-00A0C91BC942}") = "Server", "Server\Server.vcxproj", "{7FD87386-F593-4019-8D14-1BF4AFC6AB85}"
EndProject
Project("{8BC9CEB8-8B4A-11D0-8D11-00A0C91BC942}") = "Client", "Client\Client.vcxproj", "{16C7DA0D-35FA-4119-B30C-F7C08318EC38}"
EndProject
Project("{8BC9CEB8-8B4A-11D0-8D11-00A0C91BC942}") = "Dll", "Dll\Dll.vcxproj", "{756E7CAB-D8A7-4B84-ABE2-41B73C2B0761}"
EndProject
Project("{8BC9CEB8-8B4A-11D0-8D11-00A0C91BC942}") = "ClientGUI", "ClientGUI\ClientGUI.vcxproj", "{40700057-9643-4F29-9392-6FAFF0B165F2}"
EndProject
Project("{8BC9CEB8-8B4A-11D0-8D11-00A0C91BC942}") = "Tests", "Tests\Tests.vcxproj", "{EDC9CD6F-9D97-4578-9EE8-612B727D4DC4}"
EndProject
Global
	GlobalSection(SolutionConfigurationPlatforms) = preSolution
		Debug|x64 = Debug|x64
		Debug|x86 = Debug|x86
		Release|x64 = Release|x64
		Release|x86 = Release|x86
	EndGlobalSection
	GlobalSection(ProjectConfigurationPlatforms) = postSolution
		{7FD87386-F593-4019-8D14-1BF4AFC6AB85}.Debug|x64.ActiveCfg = Debug|x64
		{7FD87386-F593-4019-8D14-1BF4AFC6AB85}.Debug|x64.Build.0 = Debug|x64
		{7FD87386-F593-4019-8D14-1BF4AFC6AB85}.Debug|x86.ActiveCfg = Debug|Win32
		{7FD87386-F593-4019-8D14-1BF4AFC6AB85}.Debug|x86.Build.0 = Debug|Win32
		{7FD87386-F593-4019-8D14-1BF4AFC6AB85}.Release|x64.ActiveCfg = Release|x64
		{7FD87386-F593-4019-8D14-1BF4AFC6AB85}.Release|x64.Build.0 = Release|x64
		{7FD87386-F593-4019-8D14-1BF4AFC6AB85}.Release|x86.ActiveCfg = Release|Win32
		{7FD87386-F593-4019-8D14-1BF4AFC6AB85}.Release|x86.Build.0 = Release|Win32
		{16C7DA0D-35FA-4119-B30C-F7C08318EC38}.Debug|x64.ActiveCfg = Debug|x64
		{16C7DA0D-35FA-4119-B30C-F7C08318EC38}.Debug|x64.Build.0 = Debug|x64
		{16C7DA0D-35FA-4119-B30C-F7C08318EC38}.Debug|x86.ActiveCfg = Debug|Win32
		{16C7DA0D-35FA-4119-B30C-F7C08318EC38}.Debug|x86.Build.0 = Debug|Win32
		{16C7DA0D-35FA-4119-B30C-F7C08318EC38}.Release|x64.ActiveCfg = Release|x64
		{16C7DA0D-35FA-4119-B30C-F7C08318EC38}.Release|x64.Build.0 = Release|x64
		{16C7DA0D-35FA-4119-B30C-F7C08318EC38}.Release|x86.ActiveCfg = Release|Win32
		{16C7DA0D-35FA-4119-B30C-F7C08318EC38}.Release|x86.Build.0 = Release|Win32
		{756E7CAB-D8A7-4B84-ABE2-41B73C2B0761}.Debug|x64.ActiveCfg = Debug|x64
		{756E7CAB-D8A7-4B84-ABE2-41B73C2B0761}.Debug|x64.Build.0 = Debug|x64
		{756E7CAB-D8A7-4B84-ABE2-41B73C2B0761}.Debug|x86.ActiveCfg = Debug|Win32
		{756E7CAB-D8A7-4B84-ABE2-41B73C2B0761}.Debug|x86.Build.0 = Debug|Win32
		{756E7CAB-D8A7-4B84-ABE2-41B73C2B0761}.Release|x64.ActiveCfg = Release|x64
		{756E7CAB-D8A7-4B84-ABE2-41B73C2B0761}.Release|x64.Build.0 = Release|x64
		{756E7CAB-D8A7-4B84-ABE2-41B73C2B0761}.Release|x86.ActiveCfg = Release|Win32
		{756E7CAB-D8A7-4B84-ABE2-41B73C2B0761}.Release|x86.Build.0 = Release|Win32
		{40700057-9643-4F29-9392-6FAFF0B165F2}.Debug|x64.ActiveCfg = Debug|x64
		{40700057-9643-4F29-9392-6FAFF0B165F2}.Debug|x64.Build.0 = Debug|x64
		{40700057-9643-4F29-9392-6FAFF0B165F2}.Debug|x86.ActiveCfg = Debug|Win32
		{40700057-9643-4F29-9392-6FAFF0B165F2}.Debug|x86.Build.0 = Debug|Win32
		{40700057-9643-4F29-9392-6FAFF0B165F2}.Release|x64.ActiveCfg = Release|x64
		{40700057-9643-4F29-9392-6FAFF0B165F2}.Release|x64.Build.0 = Release|x64
		{40700057-9643-4F29-9392-6FAFF0B165F2}.Release|x86.ActiveCfg = Release|Win32
		{40700057-9643-4F29-9392-6FAFF0B165F2}.Release|x86.Build.0 = Release|Win32
		{EDC9CD6F-9D97-4578-9EE8-612B727D4DC4}.Debug|x64.ActiveCfg = Debug|x64
		{EDC9CD6F-9D97-4578-9EE8-612B727D4DC4}.Debug|x64.Build.0 = Debug|x64
		{EDC9CD6F-9D97-4578-9EE8-612B727D4DC4}.Debug|x86.ActiveCfg = Debug|Win32
		{EDC9CD6F-9D97-4578-9EE8-612B727D4DC4}.Debug|x86.Build.0 = Debug|Win32
		{EDC9CD6F-9D97-4578-9EE8-612B727D4DC4}.Release|x64.ActiveCfg = Release|x64
		{EDC9CD6F-9D97-4578-9EE8-612B727D4DC4}.Release|x64.Build.0 = Release|x64
		{EDC9CD6F-9D97-4578-9EE8-612B727D4DC4}.Release|x86.ActiveCfg = Release|Win32
		{EDC9CD6F-9D97-4578-9EE8-612B727D4DC4}.Release|x86.Build.0 = Release|Win32
	EndGlobalSection
	GlobalSection(SolutionProperties) = preSolution
		HideSolutionNode = FALSE
	EndGlobalSection
	GlobalSection(ExtensibilityGlobals) = postSolution
		SolutionGuid = {ACF9F73D-EA49-4F89-A72F-6627E31D1D62}
	EndGlobalSection
EndGlobal
